<Project xmlns="http://schemas.microsoft.com/developer/msbuild/2003">
    <PropertyGroup>
        <Base>True</Base>
        <AppType>Package</AppType>
        <Config Condition="'$(Config)'==''">Release</Config>
        <FrameworkType>FMX</FrameworkType>
        <MainSource>PythonFmx.dpk</MainSource>
        <Platform Condition="'$(Platform)'==''">Win32</Platform>
        <ProjectGuid>{513BF750-373D-4C95-A672-78CA8DDF3F63}</ProjectGuid>
        <ProjectVersion>19.5</ProjectVersion>
        <TargetedPlatforms>167955</TargetedPlatforms>
    </PropertyGroup>
    <PropertyGroup Condition="'$(Config)'=='Base' or '$(Base)'!=''">
        <Base>true</Base>
    </PropertyGroup>
    <PropertyGroup Condition="('$(Platform)'=='Android' and '$(Base)'=='true') or '$(Base_Android)'!=''">
        <Base_Android>true</Base_Android>
        <CfgParent>Base</CfgParent>
        <Base>true</Base>
    </PropertyGroup>
    <PropertyGroup Condition="('$(Platform)'=='Android64' and '$(Base)'=='true') or '$(Base_Android64)'!=''">
        <Base_Android64>true</Base_Android64>
        <CfgParent>Base</CfgParent>
        <Base>true</Base>
    </PropertyGroup>
    <PropertyGroup Condition="('$(Platform)'=='OSX64' and '$(Base)'=='true') or '$(Base_OSX64)'!=''">
        <Base_OSX64>true</Base_OSX64>
        <CfgParent>Base</CfgParent>
        <Base>true</Base>
    </PropertyGroup>
    <PropertyGroup Condition="('$(Platform)'=='OSXARM64' and '$(Base)'=='true') or '$(Base_OSXARM64)'!=''">
        <Base_OSXARM64>true</Base_OSXARM64>
        <CfgParent>Base</CfgParent>
        <Base>true</Base>
    </PropertyGroup>
    <PropertyGroup Condition="('$(Platform)'=='Win32' and '$(Base)'=='true') or '$(Base_Win32)'!=''">
        <Base_Win32>true</Base_Win32>
        <CfgParent>Base</CfgParent>
        <Base>true</Base>
    </PropertyGroup>
    <PropertyGroup Condition="('$(Platform)'=='Win64' and '$(Base)'=='true') or '$(Base_Win64)'!=''">
        <Base_Win64>true</Base_Win64>
        <CfgParent>Base</CfgParent>
        <Base>true</Base>
    </PropertyGroup>
    <PropertyGroup Condition="'$(Config)'=='Debug' or '$(Cfg_1)'!=''">
        <Cfg_1>true</Cfg_1>
        <CfgParent>Base</CfgParent>
        <Base>true</Base>
    </PropertyGroup>
    <PropertyGroup Condition="('$(Platform)'=='Win32' and '$(Cfg_1)'=='true') or '$(Cfg_1_Win32)'!=''">
        <Cfg_1_Win32>true</Cfg_1_Win32>
        <CfgParent>Cfg_1</CfgParent>
        <Cfg_1>true</Cfg_1>
        <Base>true</Base>
    </PropertyGroup>
    <PropertyGroup Condition="'$(Config)'=='Release' or '$(Cfg_2)'!=''">
        <Cfg_2>true</Cfg_2>
        <CfgParent>Base</CfgParent>
        <Base>true</Base>
    </PropertyGroup>
    <PropertyGroup Condition="'$(Base)'!=''">
        <SanitizedProjectName>PythonFmx</SanitizedProjectName>
        <DCC_CBuilderOutput>All</DCC_CBuilderOutput>
        <DCC_DcuOutput>..\..\..\lib\$(Platform)\$(Config)</DCC_DcuOutput>
        <DCC_Description>Python4Delphi - Run-time Engine Package for FMX</DCC_Description>
        <DCC_ExeOutput>.\$(Platform)\$(Config)</DCC_ExeOutput>
        <DCC_Namespace>System;Xml;Data;Datasnap;Web;Soap;$(DCC_Namespace)</DCC_Namespace>
        <DllSuffix>$(Auto)</DllSuffix>
        <GenDll>true</GenDll>
        <GenPackage>true</GenPackage>
        <RuntimeOnlyPackage>true</RuntimeOnlyPackage>
        <VerInfo_Keys>CompanyName=;FileDescription=$(MSBuildProjectName);FileVersion=1.0.0.0;InternalName=;LegalCopyright=;LegalTrademarks=;OriginalFilename=;ProgramID=com.embarcadero.$(MSBuildProjectName);ProductName=$(MSBuildProjectName);ProductVersion=1.0.0.0;Comments=</VerInfo_Keys>
        <VerInfo_Locale>1046</VerInfo_Locale>
    </PropertyGroup>
    <PropertyGroup Condition="'$(Base_Android)'!=''">
        <BT_BuildType>Debug</BT_BuildType>
        <DCC_CBuilderOutput>None</DCC_CBuilderOutput>
        <EnabledSysJars>annotation-1.2.0.dex.jar;asynclayoutinflater-1.0.0.dex.jar;billing-4.0.0.dex.jar;browser-1.0.0.dex.jar;cloud-messaging.dex.jar;collection-1.0.0.dex.jar;coordinatorlayout-1.0.0.dex.jar;core-1.5.0-rc02.dex.jar;core-common-2.0.1.dex.jar;core-runtime-2.0.1.dex.jar;cursoradapter-1.0.0.dex.jar;customview-1.0.0.dex.jar;documentfile-1.0.0.dex.jar;drawerlayout-1.0.0.dex.jar;firebase-annotations-16.0.0.dex.jar;firebase-common-20.0.0.dex.jar;firebase-components-17.0.0.dex.jar;firebase-datatransport-18.0.0.dex.jar;firebase-encoders-17.0.0.dex.jar;firebase-encoders-json-18.0.0.dex.jar;firebase-iid-interop-17.1.0.dex.jar;firebase-installations-17.0.0.dex.jar;firebase-installations-interop-17.0.0.dex.jar;firebase-measurement-connector-19.0.0.dex.jar;firebase-messaging-22.0.0.dex.jar;fmx.dex.jar;fragment-1.0.0.dex.jar;google-play-licensing.dex.jar;interpolator-1.0.0.dex.jar;javax.inject-1.dex.jar;legacy-support-core-ui-1.0.0.dex.jar;legacy-support-core-utils-1.0.0.dex.jar;lifecycle-common-2.0.0.dex.jar;lifecycle-livedata-2.0.0.dex.jar;lifecycle-livedata-core-2.0.0.dex.jar;lifecycle-runtime-2.0.0.dex.jar;lifecycle-service-2.0.0.dex.jar;lifecycle-viewmodel-2.0.0.dex.jar;listenablefuture-1.0.dex.jar;loader-1.0.0.dex.jar;localbroadcastmanager-1.0.0.dex.jar;play-services-ads-20.1.0.dex.jar;play-services-ads-base-20.1.0.dex.jar;play-services-ads-identifier-17.0.0.dex.jar;play-services-ads-lite-20.1.0.dex.jar;play-services-base-17.5.0.dex.jar;play-services-basement-17.6.0.dex.jar;play-services-cloud-messaging-16.0.0.dex.jar;play-services-drive-17.0.0.dex.jar;play-services-games-21.0.0.dex.jar;play-services-location-18.0.0.dex.jar;play-services-maps-17.0.1.dex.jar;play-services-measurement-base-18.0.0.dex.jar;play-services-measurement-sdk-api-18.0.0.dex.jar;play-services-places-placereport-17.0.0.dex.jar;play-services-stats-17.0.0.dex.jar;play-services-tasks-17.2.0.dex.jar;print-1.0.0.dex.jar;room-common-2.1.0.dex.jar;room-runtime-2.1.0.dex.jar;slidingpanelayout-1.0.0.dex.jar;sqlite-2.0.1.dex.jar;sqlite-framework-2.0.1.dex.jar;swiperefreshlayout-1.0.0.dex.jar;transport-api-3.0.0.dex.jar;transport-backend-cct-3.0.0.dex.jar;transport-runtime-3.0.0.dex.jar;user-messaging-platform-1.0.0.dex.jar;versionedparcelable-1.1.1.dex.jar;viewpager-1.0.0.dex.jar;work-runtime-2.1.0.dex.jar</EnabledSysJars>
        <VerInfo_Keys>package=com.embarcadero.$(MSBuildProjectName);label=$(MSBuildProjectName);versionCode=1;versionName=1.0.0;persistent=False;restoreAnyVersion=False;installLocation=auto;largeHeap=False;theme=TitleBar;hardwareAccelerated=true;apiKey=</VerInfo_Keys>
    </PropertyGroup>
    <PropertyGroup Condition="'$(Base_Android64)'!=''">
        <BT_BuildType>Debug</BT_BuildType>
        <DCC_CBuilderOutput>None</DCC_CBuilderOutput>
        <EnabledSysJars>annotation-1.2.0.dex.jar;asynclayoutinflater-1.0.0.dex.jar;billing-4.0.0.dex.jar;browser-1.0.0.dex.jar;cloud-messaging.dex.jar;collection-1.0.0.dex.jar;coordinatorlayout-1.0.0.dex.jar;core-1.5.0-rc02.dex.jar;core-common-2.0.1.dex.jar;core-runtime-2.0.1.dex.jar;cursoradapter-1.0.0.dex.jar;customview-1.0.0.dex.jar;documentfile-1.0.0.dex.jar;drawerlayout-1.0.0.dex.jar;firebase-annotations-16.0.0.dex.jar;firebase-common-20.0.0.dex.jar;firebase-components-17.0.0.dex.jar;firebase-datatransport-18.0.0.dex.jar;firebase-encoders-17.0.0.dex.jar;firebase-encoders-json-18.0.0.dex.jar;firebase-iid-interop-17.1.0.dex.jar;firebase-installations-17.0.0.dex.jar;firebase-installations-interop-17.0.0.dex.jar;firebase-measurement-connector-19.0.0.dex.jar;firebase-messaging-22.0.0.dex.jar;fmx.dex.jar;fragment-1.0.0.dex.jar;google-play-licensing.dex.jar;interpolator-1.0.0.dex.jar;javax.inject-1.dex.jar;legacy-support-core-ui-1.0.0.dex.jar;legacy-support-core-utils-1.0.0.dex.jar;lifecycle-common-2.0.0.dex.jar;lifecycle-livedata-2.0.0.dex.jar;lifecycle-livedata-core-2.0.0.dex.jar;lifecycle-runtime-2.0.0.dex.jar;lifecycle-service-2.0.0.dex.jar;lifecycle-viewmodel-2.0.0.dex.jar;listenablefuture-1.0.dex.jar;loader-1.0.0.dex.jar;localbroadcastmanager-1.0.0.dex.jar;play-services-ads-20.1.0.dex.jar;play-services-ads-base-20.1.0.dex.jar;play-services-ads-identifier-17.0.0.dex.jar;play-services-ads-lite-20.1.0.dex.jar;play-services-base-17.5.0.dex.jar;play-services-basement-17.6.0.dex.jar;play-services-cloud-messaging-16.0.0.dex.jar;play-services-drive-17.0.0.dex.jar;play-services-games-21.0.0.dex.jar;play-services-location-18.0.0.dex.jar;play-services-maps-17.0.1.dex.jar;play-services-measurement-base-18.0.0.dex.jar;play-services-measurement-sdk-api-18.0.0.dex.jar;play-services-places-placereport-17.0.0.dex.jar;play-services-stats-17.0.0.dex.jar;play-services-tasks-17.2.0.dex.jar;print-1.0.0.dex.jar;room-common-2.1.0.dex.jar;room-runtime-2.1.0.dex.jar;slidingpanelayout-1.0.0.dex.jar;sqlite-2.0.1.dex.jar;sqlite-framework-2.0.1.dex.jar;swiperefreshlayout-1.0.0.dex.jar;transport-api-3.0.0.dex.jar;transport-backend-cct-3.0.0.dex.jar;transport-runtime-3.0.0.dex.jar;user-messaging-platform-1.0.0.dex.jar;versionedparcelable-1.1.1.dex.jar;viewpager-1.0.0.dex.jar;work-runtime-2.1.0.dex.jar</EnabledSysJars>
        <VerInfo_Keys>package=com.embarcadero.$(MSBuildProjectName);label=$(MSBuildProjectName);versionCode=1;versionName=1.0.0;persistent=False;restoreAnyVersion=False;installLocation=auto;largeHeap=False;theme=TitleBar;hardwareAccelerated=true;apiKey=</VerInfo_Keys>
    </PropertyGroup>
    <PropertyGroup Condition="'$(Base_OSX64)'!=''">
        <BT_BuildType>Debug</BT_BuildType>
        <VerInfo_Keys>CFBundleName=$(MSBuildProjectName);CFBundleDisplayName=$(MSBuildProjectName);CFBundleIdentifier=$(MSBuildProjectName);CFBundleVersion=1.0.0;CFBundleShortVersionString=1.0.0;CFBundlePackageType=APPL;CFBundleSignature=????;CFBundleAllowMixedLocalizations=YES;CFBundleExecutable=$(MSBuildProjectName);NSHighResolutionCapable=true;LSApplicationCategoryType=public.app-category.utilities;NSLocationUsageDescription=The reason for accessing the location information of the user;NSContactsUsageDescription=The reason for accessing the contacts;NSCalendarsUsageDescription=The reason for accessing the calendar data;NSRemindersUsageDescription=The reason for accessing the reminders;NSCameraUsageDescription=The reason for accessing the camera;NSMicrophoneUsageDescription=The reason for accessing the microphone;NSMotionUsageDescription=The reason for accessing the accelerometer;NSDesktopFolderUsageDescription=The reason for accessing the Desktop folder;NSDocumentsFolderUsageDescription=The reason for accessing the Documents folder;NSDownloadsFolderUsageDescription=The reason for accessing the Downloads folder;NSNetworkVolumesUsageDescription=The reason for accessing files on a network volume;NSRemovableVolumesUsageDescription=The reason for accessing files on a removable volume;NSSpeechRecognitionUsageDescription=The reason for requesting to send user data to Apple&apos;s speech recognition servers</VerInfo_Keys>
    </PropertyGroup>
    <PropertyGroup Condition="'$(Base_OSXARM64)'!=''">
        <BT_BuildType>Debug</BT_BuildType>
        <VerInfo_Keys>CFBundleName=$(MSBuildProjectName);CFBundleDisplayName=$(MSBuildProjectName);CFBundleIdentifier=$(MSBuildProjectName);CFBundleVersion=1.0.0;CFBundleShortVersionString=1.0.0;CFBundlePackageType=APPL;CFBundleSignature=????;CFBundleAllowMixedLocalizations=YES;CFBundleExecutable=$(MSBuildProjectName);NSHighResolutionCapable=true;LSApplicationCategoryType=public.app-category.utilities;NSLocationUsageDescription=The reason for accessing the location information of the user;NSContactsUsageDescription=The reason for accessing the contacts;NSCalendarsUsageDescription=The reason for accessing the calendar data;NSRemindersUsageDescription=The reason for accessing the reminders;NSCameraUsageDescription=The reason for accessing the camera;NSMicrophoneUsageDescription=The reason for accessing the microphone;NSMotionUsageDescription=The reason for accessing the accelerometer;NSDesktopFolderUsageDescription=The reason for accessing the Desktop folder;NSDocumentsFolderUsageDescription=The reason for accessing the Documents folder;NSDownloadsFolderUsageDescription=The reason for accessing the Downloads folder;NSNetworkVolumesUsageDescription=The reason for accessing files on a network volume;NSRemovableVolumesUsageDescription=The reason for accessing files on a removable volume;NSSpeechRecognitionUsageDescription=The reason for requesting to send user data to Apple&apos;s speech recognition servers</VerInfo_Keys>
    </PropertyGroup>
    <PropertyGroup Condition="'$(Base_Win32)'!=''">
        <BT_BuildType>Debug</BT_BuildType>
        <DCC_Namespace>Winapi;System.Win;Data.Win;Datasnap.Win;Web.Win;Soap.Win;Xml.Win;Bde;$(DCC_Namespace)</DCC_Namespace>
        <VerInfo_IncludeVerInfo>true</VerInfo_IncludeVerInfo>
        <VerInfo_Keys>CompanyName=;FileDescription=$(MSBuildProjectName);FileVersion=1.0.0.0;InternalName=;LegalCopyright=;LegalTrademarks=;OriginalFilename=;ProgramID=com.embarcadero.$(MSBuildProjectName);ProductName=$(MSBuildProjectName);ProductVersion=1.0.0.0;Comments=</VerInfo_Keys>
        <VerInfo_Locale>1033</VerInfo_Locale>
    </PropertyGroup>
    <PropertyGroup Condition="'$(Base_Win64)'!=''">
        <BT_BuildType>Debug</BT_BuildType>
        <DCC_Namespace>Winapi;System.Win;Data.Win;Datasnap.Win;Web.Win;Soap.Win;Xml.Win;$(DCC_Namespace)</DCC_Namespace>
        <VerInfo_IncludeVerInfo>true</VerInfo_IncludeVerInfo>
        <VerInfo_Locale>1033</VerInfo_Locale>
    </PropertyGroup>
    <PropertyGroup Condition="'$(Cfg_1)'!=''">
        <DCC_DebugDCUs>true</DCC_DebugDCUs>
        <DCC_DebugInfoInExe>true</DCC_DebugInfoInExe>
        <DCC_Define>DEBUG;$(DCC_Define)</DCC_Define>
        <DCC_GenerateStackFrames>true</DCC_GenerateStackFrames>
        <DCC_IntegerOverflowCheck>true</DCC_IntegerOverflowCheck>
        <DCC_Optimize>false</DCC_Optimize>
        <DCC_RangeChecking>true</DCC_RangeChecking>
        <DCC_RemoteDebug>true</DCC_RemoteDebug>
    </PropertyGroup>
    <PropertyGroup Condition="'$(Cfg_1_Win32)'!=''">
        <DCC_RemoteDebug>false</DCC_RemoteDebug>
        <VerInfo_IncludeVerInfo>true</VerInfo_IncludeVerInfo>
        <VerInfo_Locale>1033</VerInfo_Locale>
    </PropertyGroup>
    <PropertyGroup Condition="'$(Cfg_2)'!=''">
        <DCC_DebugInformation>0</DCC_DebugInformation>
        <DCC_Define>RELEASE;$(DCC_Define)</DCC_Define>
        <DCC_LocalDebugSymbols>false</DCC_LocalDebugSymbols>
        <DCC_SymbolReferenceInfo>0</DCC_SymbolReferenceInfo>
    </PropertyGroup>
    <ItemGroup>
        <DelphiCompile Include="$(MainSource)">
            <MainSource>MainSource</MainSource>
        </DelphiCompile>
        <DCCReference Include="rtl.dcp"/>
        <DCCReference Include="fmx.dcp"/>
        <DCCReference Include="bindcompfmx.dcp"/>
        <DCCReference Include="python.dcp"/>
        <DCCReference Include="..\..\..\Source\fmx\FMX.PythonGUIInputOutput.pas"/>
        <DCCReference Include="..\..\..\Source\fmx\WrapDelphiFmx.pas"/>
        <DCCReference Include="..\..\..\Source\fmx\WrapFmxActnList.pas"/>
        <DCCReference Include="..\..\..\Source\fmx\WrapFmxColors.pas"/>
        <DCCReference Include="..\..\..\Source\fmx\WrapFmxComCtrls.pas"/>
        <DCCReference Include="..\..\..\Source\fmx\WrapFmxControls.pas"/>
        <DCCReference Include="..\..\..\Source\fmx\WrapFmxDataBind.pas"/>
        <DCCReference Include="..\..\..\Source\fmx\WrapFmxDialogs.pas"/>
        <DCCReference Include="..\..\..\Source\fmx\WrapFmxEdit.pas"/>
        <DCCReference Include="..\..\..\Source\fmx\WrapFmxForms.pas"/>
        <DCCReference Include="..\..\..\Source\fmx\WrapFmxGrids.pas"/>
        <DCCReference Include="..\..\..\Source\fmx\WrapFmxLayouts.pas"/>
        <DCCReference Include="..\..\..\Source\fmx\WrapFmxListBox.pas"/>
        <DCCReference Include="..\..\..\Source\fmx\WrapFmxListView.pas"/>
        <DCCReference Include="..\..\..\Source\fmx\WrapFmxMedia.pas"/>
        <DCCReference Include="..\..\..\Source\fmx\WrapFmxMemo.pas"/>
        <DCCReference Include="..\..\..\Source\fmx\WrapFmxMenus.pas"/>
        <DCCReference Include="..\..\..\Source\fmx\WrapFmxScrollBox.pas"/>
        <DCCReference Include="..\..\..\Source\fmx\WrapFmxShapes.pas"/>
        <DCCReference Include="..\..\..\Source\fmx\WrapFmxStdActns.pas"/>
        <DCCReference Include="..\..\..\Source\fmx\WrapFmxStdCtrls.pas"/>
        <DCCReference Include="..\..\..\Source\fmx\WrapFmxStyles.pas"/>
        <DCCReference Include="..\..\..\Source\fmx\WrapFmxTypes.pas"/>
        <BuildConfiguration Include="Base">
            <Key>Base</Key>
        </BuildConfiguration>
        <BuildConfiguration Include="Debug">
            <Key>Cfg_1</Key>
            <CfgParent>Base</CfgParent>
        </BuildConfiguration>
        <BuildConfiguration Include="Release">
            <Key>Cfg_2</Key>
            <CfgParent>Base</CfgParent>
        </BuildConfiguration>
    </ItemGroup>
    <ProjectExtensions>
        <Borland.Personality>Delphi.Personality.12</Borland.Personality>
        <Borland.ProjectType>Package</Borland.ProjectType>
        <BorlandProject>
            <Delphi.Personality>
                <Source>
                    <Source Name="MainSource">PythonFmx.dpk</Source>
                </Source>
                <Excluded_Packages/>
            </Delphi.Personality>
            <Platforms>
                <Platform value="Android">True</Platform>
                <Platform value="Android64">True</Platform>
                <Platform value="Linux64">False</Platform>
                <Platform value="OSX64">True</Platform>
                <Platform value="OSXARM64">True</Platform>
                <Platform value="Win32">True</Platform>
                <Platform value="Win64">True</Platform>
                <Platform value="iOSDevice64">False</Platform>
                <Platform value="iOSSimARM64">False</Platform>
            </Platforms>
        </BorlandProject>
        <ProjectFileVersion>12</ProjectFileVersion>
    </ProjectExtensions>
    <Import Project="$(BDS)\Bin\CodeGear.Delphi.Targets" Condition="Exists('$(BDS)\Bin\CodeGear.Delphi.Targets')"/>
    <Import Project="$(APPDATA)\Embarcadero\$(BDSAPPDATABASEDIR)\$(PRODUCTVERSION)\UserTools.proj" Condition="Exists('$(APPDATA)\Embarcadero\$(BDSAPPDATABASEDIR)\$(PRODUCTVERSION)\UserTools.proj')"/>
    <Import Project="$(MSBuildProjectName).deployproj" Condition="Exists('$(MSBuildProjectName).deployproj')"/>
</Project>
