<Project xmlns="http://schemas.microsoft.com/developer/msbuild/2003">
    <PropertyGroup>
        <Base>True</Base>
        <AppType>Application</AppType>
        <Config Condition="'$(Config)'==''">Debug</Config>
        <FrameworkType>VCL</FrameworkType>
        <MainSource>PyVizSVG.dpr</MainSource>
        <Platform Condition="'$(Platform)'==''">Win64</Platform>
        <ProjectGuid>{9AC7390B-64D2-47DD-8444-97F5B6123324}</ProjectGuid>
        <ProjectVersion>19.1</ProjectVersion>
        <TargetedPlatforms>3</TargetedPlatforms>
    </PropertyGroup>
    <PropertyGroup Condition="'$(Config)'=='Base' or '$(Base)'!=''">
        <Base>true</Base>
    </PropertyGroup>
    <PropertyGroup Condition="('$(Platform)'=='Win32' and '$(Base)'=='true') or '$(Base_Win32)'!=''">
        <Base_Win32>true</Base_Win32>
        <CfgParent>Base</CfgParent>
        <Base>true</Base>
    </PropertyGroup>
    <PropertyGroup Condition="('$(Platform)'=='Win64' and '$(Base)'=='true') or '$(Base_Win64)'!=''">
        <Base_Win64>true</Base_Win64>
        <CfgParent>Base</CfgParent>
        <Base>true</Base>
    </PropertyGroup>
    <PropertyGroup Condition="'$(Config)'=='Debug' or '$(Cfg_1)'!=''">
        <Cfg_1>true</Cfg_1>
        <CfgParent>Base</CfgParent>
        <Base>true</Base>
    </PropertyGroup>
    <PropertyGroup Condition="('$(Platform)'=='Win32' and '$(Cfg_1)'=='true') or '$(Cfg_1_Win32)'!=''">
        <Cfg_1_Win32>true</Cfg_1_Win32>
        <CfgParent>Cfg_1</CfgParent>
        <Cfg_1>true</Cfg_1>
        <Base>true</Base>
    </PropertyGroup>
    <PropertyGroup Condition="('$(Platform)'=='Win64' and '$(Cfg_1)'=='true') or '$(Cfg_1_Win64)'!=''">
        <Cfg_1_Win64>true</Cfg_1_Win64>
        <CfgParent>Cfg_1</CfgParent>
        <Cfg_1>true</Cfg_1>
        <Base>true</Base>
    </PropertyGroup>
    <PropertyGroup Condition="'$(Config)'=='Release' or '$(Cfg_2)'!=''">
        <Cfg_2>true</Cfg_2>
        <CfgParent>Base</CfgParent>
        <Base>true</Base>
    </PropertyGroup>
    <PropertyGroup Condition="('$(Platform)'=='Win32' and '$(Cfg_2)'=='true') or '$(Cfg_2_Win32)'!=''">
        <Cfg_2_Win32>true</Cfg_2_Win32>
        <CfgParent>Cfg_2</CfgParent>
        <Cfg_2>true</Cfg_2>
        <Base>true</Base>
    </PropertyGroup>
    <PropertyGroup Condition="('$(Platform)'=='Win64' and '$(Cfg_2)'=='true') or '$(Cfg_2_Win64)'!=''">
        <Cfg_2_Win64>true</Cfg_2_Win64>
        <CfgParent>Cfg_2</CfgParent>
        <Cfg_2>true</Cfg_2>
        <Base>true</Base>
    </PropertyGroup>
    <PropertyGroup Condition="'$(Base)'!=''">
        <SanitizedProjectName>PyVizSVG</SanitizedProjectName>
        <DCC_DcuOutput>.\$(Platform)\$(Config)</DCC_DcuOutput>
        <DCC_ExeOutput>.\$(Platform)\$(Config)</DCC_ExeOutput>
        <DCC_Namespace>System;Xml;Data;Datasnap;Web;Soap;Vcl;Vcl.Imaging;Vcl.Touch;Vcl.Samples;Vcl.Shell;$(DCC_Namespace)</DCC_Namespace>
        <Icon_MainIcon>$(BDS)\bin\delphi_PROJECTICON.ico</Icon_MainIcon>
    </PropertyGroup>
    <PropertyGroup Condition="'$(Base_Win32)'!=''">
        <BT_BuildType>Debug</BT_BuildType>
        <DCC_Namespace>Winapi;System.Win;Data.Win;Datasnap.Win;Web.Win;Soap.Win;Xml.Win;Bde;$(DCC_Namespace)</DCC_Namespace>
        <DCC_UsePackage>DBXSqliteDriver;RESTComponents;DBXInterBaseDriver;vclactnband;vclFireDAC;bindcompvclsmp;tethering;svnui;FireDACADSDriver;JvPluginSystem;JvMM;vcltouch;vcldb;bindcompfmx;svn;JvNet;inetdb;JvAppFrm;VirtualTreesDR;FmxTeeUI;fmx;FireDACIBDriver;fmxdae;EasyListviewD;vcledge;VirtualShellToolsD;JvWizards;SpTBXLib;dbexpress;IndyCore;vclx;Python_D;JvPageComps;dsnap;FireDACCommon;RESTBackendComponents;VCLRESTComponents;soapserver;JclDeveloperTools;vclie;bindengine;DBXMySQLDriver;CloudService;SVGIconPackage;FireDACMySQLDriver;JvCmp;JvHMI;FireDACCommonODBC;FireDACCommonDriver;inet;SynWeb_RD;IndyIPCommon;bindcompdbx;JvCustom;vcl;IndyIPServer;IndySystem;dsnapcon;FireDACMSAccDriver;fmxFireDAC;PyScripterCustom;vclimg;TeeDB;FireDAC;Jcl;JvCore;JvCrypt;FireDACSqliteDriver;FireDACPgDriver;FMXTee;soaprtl;DbxCommonDriver;JvDlgs;JvRuntimeDesign;Tee;xmlrtl;soapmidas;fmxobj;vclwinx;rtl;DbxClientDriver;CustomIPTransport;vcldsnap;CodeSiteExpressPkg;JvSystem;JvStdCtrls;SynEditDR;bindcomp;appanalytics;IndyIPClient;bindcompvcl;SVGIconImageList;TeeUI;JvDocking;dbxcds;VclSmp;adortl;JclVcl;tb2k_d12;MPCommonLibD;dsnapxml;dbrtl;IndyProtocols;inetdbxpress;JvControls;JvPrintPreview;JclContainers;fmxase;$(DCC_UsePackage)</DCC_UsePackage>
        <Manifest_File>$(BDS)\bin\default_app.manifest</Manifest_File>
    </PropertyGroup>
    <PropertyGroup Condition="'$(Base_Win64)'!=''">
        <BT_BuildType>Debug</BT_BuildType>
        <DCC_Namespace>Winapi;System.Win;Data.Win;Datasnap.Win;Web.Win;Soap.Win;Xml.Win;$(DCC_Namespace)</DCC_Namespace>
        <DCC_UsePackage>DBXSqliteDriver;RESTComponents;DBXInterBaseDriver;vclactnband;vclFireDAC;bindcompvclsmp;tethering;FireDACADSDriver;vcltouch;vcldb;bindcompfmx;inetdb;FmxTeeUI;fmx;FireDACIBDriver;fmxdae;EasyListviewD;vcledge;VirtualShellToolsD;SpTBXLib;dbexpress;IndyCore;vclx;dsnap;FireDACCommon;RESTBackendComponents;VCLRESTComponents;soapserver;vclie;bindengine;DBXMySQLDriver;CloudService;FireDACMySQLDriver;FireDACCommonODBC;FireDACCommonDriver;inet;IndyIPCommon;bindcompdbx;vcl;IndyIPServer;IndySystem;dsnapcon;FireDACMSAccDriver;fmxFireDAC;vclimg;TeeDB;FireDAC;FireDACSqliteDriver;FireDACPgDriver;FMXTee;soaprtl;DbxCommonDriver;Tee;xmlrtl;soapmidas;fmxobj;vclwinx;rtl;DbxClientDriver;CustomIPTransport;vcldsnap;SynEditDR;bindcomp;appanalytics;IndyIPClient;bindcompvcl;TeeUI;dbxcds;VclSmp;adortl;MPCommonLibD;dsnapxml;dbrtl;IndyProtocols;inetdbxpress;fmxase;$(DCC_UsePackage)</DCC_UsePackage>
        <Manifest_File>$(BDS)\bin\default_app.manifest</Manifest_File>
    </PropertyGroup>
    <PropertyGroup Condition="'$(Cfg_1)'!=''">
        <DCC_DebugDCUs>true</DCC_DebugDCUs>
        <DCC_DebugInfoInExe>true</DCC_DebugInfoInExe>
        <DCC_Define>DEBUG;$(DCC_Define)</DCC_Define>
        <DCC_GenerateStackFrames>true</DCC_GenerateStackFrames>
        <DCC_Optimize>false</DCC_Optimize>
        <DCC_RemoteDebug>true</DCC_RemoteDebug>
    </PropertyGroup>
    <PropertyGroup Condition="'$(Cfg_1_Win32)'!=''">
        <AppDPIAwarenessMode>PerMonitorV2</AppDPIAwarenessMode>
        <AppEnableRuntimeThemes>true</AppEnableRuntimeThemes>
        <DCC_RemoteDebug>false</DCC_RemoteDebug>
    </PropertyGroup>
    <PropertyGroup Condition="'$(Cfg_1_Win64)'!=''">
        <AppDPIAwarenessMode>PerMonitorV2</AppDPIAwarenessMode>
        <AppEnableRuntimeThemes>true</AppEnableRuntimeThemes>
    </PropertyGroup>
    <PropertyGroup Condition="'$(Cfg_2)'!=''">
        <DCC_DebugInformation>0</DCC_DebugInformation>
        <DCC_Define>RELEASE;$(DCC_Define)</DCC_Define>
        <DCC_LocalDebugSymbols>false</DCC_LocalDebugSymbols>
        <DCC_SymbolReferenceInfo>0</DCC_SymbolReferenceInfo>
    </PropertyGroup>
    <PropertyGroup Condition="'$(Cfg_2_Win32)'!=''">
        <AppDPIAwarenessMode>PerMonitorV2</AppDPIAwarenessMode>
        <AppEnableRuntimeThemes>true</AppEnableRuntimeThemes>
    </PropertyGroup>
    <PropertyGroup Condition="'$(Cfg_2_Win64)'!=''">
        <AppDPIAwarenessMode>PerMonitorV2</AppDPIAwarenessMode>
        <AppEnableRuntimeThemes>true</AppEnableRuntimeThemes>
    </PropertyGroup>
    <ItemGroup>
        <DelphiCompile Include="$(MainSource)">
            <MainSource>MainSource</MainSource>
        </DelphiCompile>
        <DCCReference Include="MainFormSVG.pas">
            <Form>Form1</Form>
            <FormType>dfm</FormType>
        </DCCReference>
        <BuildConfiguration Include="Base">
            <Key>Base</Key>
        </BuildConfiguration>
        <BuildConfiguration Include="Debug">
            <Key>Cfg_1</Key>
            <CfgParent>Base</CfgParent>
        </BuildConfiguration>
        <BuildConfiguration Include="Release">
            <Key>Cfg_2</Key>
            <CfgParent>Base</CfgParent>
        </BuildConfiguration>
    </ItemGroup>
    <ProjectExtensions>
        <Borland.Personality>Delphi.Personality.12</Borland.Personality>
        <Borland.ProjectType>Application</Borland.ProjectType>
        <BorlandProject>
            <Delphi.Personality>
                <Source>
                    <Source Name="MainSource">PyVizSVG.dpr</Source>
                </Source>
            </Delphi.Personality>
            <Platforms>
                <Platform value="Win32">True</Platform>
                <Platform value="Win64">True</Platform>
            </Platforms>
        </BorlandProject>
        <ProjectFileVersion>12</ProjectFileVersion>
    </ProjectExtensions>
    <Import Project="$(BDS)\Bin\CodeGear.Delphi.Targets" Condition="Exists('$(BDS)\Bin\CodeGear.Delphi.Targets')"/>
    <Import Project="$(APPDATA)\Embarcadero\$(BDSAPPDATABASEDIR)\$(PRODUCTVERSION)\UserTools.proj" Condition="Exists('$(APPDATA)\Embarcadero\$(BDSAPPDATABASEDIR)\$(PRODUCTVERSION)\UserTools.proj')"/>
    <Import Project="$(MSBuildProjectName).deployproj" Condition="Exists('$(MSBuildProjectName).deployproj')"/>
</Project>
