<?xml version="1.0"?>
<CONFIG>
  <ProjectOptions>
    <PathDelim Value="\"/>
    <Version Value="7"/>
    <General>
      <MainUnit Value="0"/>
      <TargetFileExt Value=".exe"/>
      <Icon Value="0"/>
      <UseXPManifest Value="True"/>
      <ActiveEditorIndexAtStart Value="3"/>
    </General>
    <VersionInfo>
      <ProjectVersion Value=""/>
      <Language Value=""/>
      <CharSet Value=""/>
    </VersionInfo>
    <PublishOptions>
      <Version Value="2"/>
      <IgnoreBinaries Value="False"/>
      <IncludeFileFilter Value="*.(pas|pp|inc|lfm|lpr|lrs|lpi|lpk|sh|xml)"/>
      <ExcludeFileFilter Value="*.(bak|ppu|ppw|o|so);*~;backup"/>
    </PublishOptions>
    <RunParams>
      <local>
        <FormatVersion Value="1"/>
        <LaunchingApplication PathPlusParams="/usr/X11R6/bin/xterm -T 'Lazarus Run Output' -e $(LazarusDir)/tools/runwait.sh $(TargetCmdLine)"/>
      </local>
    </RunParams>
    <RequiredPackages Count="2">
      <Item1>
        <PackageName Value="P4DLaz"/>
        <MinVersion Valid="True"/>
      </Item1>
      <Item2>
        <PackageName Value="LCL"/>
      </Item2>
    </RequiredPackages>
    <Units Count="6">
      <Unit0>
        <Filename Value="project1.lpr"/>
        <IsPartOfProject Value="True"/>
        <UnitName Value="project1"/>
        <UsageCount Value="74"/>
      </Unit0>
      <Unit1>
        <Filename Value="unit1.pas"/>
        <IsPartOfProject Value="True"/>
        <ComponentName Value="Form1"/>
        <ResourceBaseClass Value="Form"/>
        <UnitName Value="Unit1"/>
        <CursorPos X="79" Y="20"/>
        <TopLine Value="5"/>
        <EditorIndex Value="0"/>
        <UsageCount Value="74"/>
        <Loaded Value="True"/>
      </Unit1>
      <Unit2>
        <Filename Value="..\..\..\..\..\..\lazarus\fpc\2.2.4\source\rtl\inc\variants.pp"/>
        <UnitName Value="variants"/>
        <CursorPos X="9" Y="4225"/>
        <TopLine Value="4220"/>
        <EditorIndex Value="2"/>
        <UsageCount Value="37"/>
        <Loaded Value="True"/>
      </Unit2>
      <Unit3>
        <Filename Value="..\..\..\..\..\..\lazarus\fpc\2.2.4\source\rtl\inc\varianth.inc"/>
        <CursorPos X="94" Y="134"/>
        <TopLine Value="115"/>
        <EditorIndex Value="4"/>
        <UsageCount Value="37"/>
        <Loaded Value="True"/>
      </Unit3>
      <Unit4>
        <Filename Value="..\..\..\Components\Sources\Core\PythonGUIInputOutput.pas"/>
        <UnitName Value="PythonGUIInputOutput"/>
        <CursorPos X="52" Y="166"/>
        <TopLine Value="154"/>
        <EditorIndex Value="1"/>
        <UsageCount Value="11"/>
        <Loaded Value="True"/>
        <SyntaxHighlighter Value="Delphi"/>
      </Unit4>
      <Unit5>
        <Filename Value="..\..\..\Components\Sources\Core\PythonEngine.pas"/>
        <UnitName Value="PythonEngine"/>
        <CursorPos X="1" Y="1"/>
        <TopLine Value="1"/>
        <EditorIndex Value="3"/>
        <UsageCount Value="11"/>
        <Loaded Value="True"/>
        <SyntaxHighlighter Value="Delphi"/>
      </Unit5>
    </Units>
    <JumpHistory Count="28" HistoryIndex="27">
      <Position1>
        <Filename Value="..\..\..\..\..\..\lazarus\fpc\2.2.4\source\rtl\inc\variants.pp"/>
        <Caret Line="367" Column="20" TopLine="355"/>
      </Position1>
      <Position2>
        <Filename Value="..\..\..\..\..\..\lazarus\fpc\2.2.4\source\rtl\inc\variants.pp"/>
        <Caret Line="1" Column="1" TopLine="1"/>
      </Position2>
      <Position3>
        <Filename Value="..\..\..\..\..\..\lazarus\fpc\2.2.4\source\rtl\inc\variants.pp"/>
        <Caret Line="367" Column="20" TopLine="355"/>
      </Position3>
      <Position4>
        <Filename Value="..\..\..\..\..\..\lazarus\fpc\2.2.4\source\rtl\inc\variants.pp"/>
        <Caret Line="2026" Column="20" TopLine="2014"/>
      </Position4>
      <Position5>
        <Filename Value="..\..\..\..\..\..\lazarus\fpc\2.2.4\source\rtl\inc\variants.pp"/>
        <Caret Line="2086" Column="20" TopLine="2074"/>
      </Position5>
      <Position6>
        <Filename Value="..\..\..\..\..\..\lazarus\fpc\2.2.4\source\rtl\inc\variants.pp"/>
        <Caret Line="2103" Column="46" TopLine="2091"/>
      </Position6>
      <Position7>
        <Filename Value="..\..\..\..\..\..\lazarus\fpc\2.2.4\source\rtl\inc\variants.pp"/>
        <Caret Line="2110" Column="20" TopLine="2091"/>
      </Position7>
      <Position8>
        <Filename Value="..\..\..\..\..\..\lazarus\fpc\2.2.4\source\rtl\inc\variants.pp"/>
        <Caret Line="2117" Column="16" TopLine="2105"/>
      </Position8>
      <Position9>
        <Filename Value="..\..\..\..\..\..\lazarus\fpc\2.2.4\source\rtl\inc\variants.pp"/>
        <Caret Line="2122" Column="12" TopLine="2105"/>
      </Position9>
      <Position10>
        <Filename Value="..\..\..\..\..\..\lazarus\fpc\2.2.4\source\rtl\inc\variants.pp"/>
        <Caret Line="2131" Column="12" TopLine="2119"/>
      </Position10>
      <Position11>
        <Filename Value="..\..\..\..\..\..\lazarus\fpc\2.2.4\source\rtl\inc\variants.pp"/>
        <Caret Line="2201" Column="16" TopLine="2189"/>
      </Position11>
      <Position12>
        <Filename Value="..\..\..\..\..\..\lazarus\fpc\2.2.4\source\rtl\inc\variants.pp"/>
        <Caret Line="2311" Column="20" TopLine="2299"/>
      </Position12>
      <Position13>
        <Filename Value="..\..\..\..\..\..\lazarus\fpc\2.2.4\source\rtl\inc\variants.pp"/>
        <Caret Line="2313" Column="20" TopLine="2299"/>
      </Position13>
      <Position14>
        <Filename Value="..\..\..\..\..\..\lazarus\fpc\2.2.4\source\rtl\inc\variants.pp"/>
        <Caret Line="2396" Column="22" TopLine="2384"/>
      </Position14>
      <Position15>
        <Filename Value="..\..\..\..\..\..\lazarus\fpc\2.2.4\source\rtl\inc\variants.pp"/>
        <Caret Line="4225" Column="14" TopLine="4213"/>
      </Position15>
      <Position16>
        <Filename Value="..\..\..\..\..\..\lazarus\fpc\2.2.4\source\rtl\inc\variants.pp"/>
        <Caret Line="1" Column="1" TopLine="1"/>
      </Position16>
      <Position17>
        <Filename Value="..\..\..\..\..\..\lazarus\fpc\2.2.4\source\rtl\inc\variants.pp"/>
        <Caret Line="1417" Column="24" TopLine="1405"/>
      </Position17>
      <Position18>
        <Filename Value="..\..\..\..\..\..\lazarus\fpc\2.2.4\source\rtl\inc\variants.pp"/>
        <Caret Line="1420" Column="24" TopLine="1405"/>
      </Position18>
      <Position19>
        <Filename Value="..\..\..\..\..\..\lazarus\fpc\2.2.4\source\rtl\inc\variants.pp"/>
        <Caret Line="4225" Column="14" TopLine="4213"/>
      </Position19>
      <Position20>
        <Filename Value="..\..\..\..\..\..\lazarus\fpc\2.2.4\source\rtl\inc\variants.pp"/>
        <Caret Line="1" Column="1" TopLine="1"/>
      </Position20>
      <Position21>
        <Filename Value="..\..\..\..\..\..\lazarus\fpc\2.2.4\source\rtl\inc\variants.pp"/>
        <Caret Line="4225" Column="9" TopLine="4220"/>
      </Position21>
      <Position22>
        <Filename Value="..\..\..\..\..\..\lazarus\fpc\2.2.4\source\rtl\inc\varianth.inc"/>
        <Caret Line="207" Column="3" TopLine="177"/>
      </Position22>
      <Position23>
        <Filename Value="..\..\..\Components\Sources\Core\PythonGUIInputOutput.pas"/>
        <Caret Line="1" Column="1" TopLine="1"/>
      </Position23>
      <Position24>
        <Filename Value="..\..\..\Components\Sources\Core\PythonGUIInputOutput.pas"/>
        <Caret Line="205" Column="19" TopLine="193"/>
      </Position24>
      <Position25>
        <Filename Value="..\..\..\Components\Sources\Core\PythonEngine.pas"/>
        <Caret Line="1" Column="1" TopLine="1"/>
      </Position25>
      <Position26>
        <Filename Value="..\..\..\Components\Sources\Core\PythonEngine.pas"/>
        <Caret Line="3044" Column="28" TopLine="3032"/>
      </Position26>
      <Position27>
        <Filename Value="..\..\..\Components\Sources\Core\PythonEngine.pas"/>
        <Caret Line="9602" Column="10" TopLine="9597"/>
      </Position27>
      <Position28>
        <Filename Value="..\..\..\Components\Sources\Core\PythonEngine.pas"/>
        <Caret Line="2875" Column="61" TopLine="2863"/>
      </Position28>
    </JumpHistory>
  </ProjectOptions>
  <CompilerOptions>
    <Version Value="8"/>
    <PathDelim Value="\"/>
    <SearchPaths>
      <IncludeFiles Value="$(ProjOutDir)\"/>
    </SearchPaths>
    <Linking>
      <Options>
        <Win32>
          <GraphicApplication Value="True"/>
        </Win32>
      </Options>
    </Linking>
    <Other>
      <CompilerPath Value="$(CompPath)"/>
    </Other>
  </CompilerOptions>
  <Debugging>
    <Exceptions Count="3">
      <Item1>
        <Name Value="EAbort"/>
      </Item1>
      <Item2>
        <Name Value="ECodetoolError"/>
      </Item2>
      <Item3>
        <Name Value="EFOpenError"/>
      </Item3>
    </Exceptions>
  </Debugging>
</CONFIG>
