<?xml version="1.0"?>
<CONFIG>
  <ProjectOptions>
    <Version Value="9"/>
    <PathDelim Value="\"/>
    <General>
      <MainUnit Value="0"/>
      <UseXPManifest Value="True"/>
      <Icon Value="0"/>
      <ActiveWindowIndexAtStart Value="0"/>
    </General>
    <VersionInfo>
      <Language Value=""/>
      <CharSet Value=""/>
      <StringTable ProductVersion=""/>
    </VersionInfo>
    <BuildModes Count="1">
      <Item1 Name="default" Default="True"/>
    </BuildModes>
    <PublishOptions>
      <Version Value="2"/>
      <IgnoreBinaries Value="False"/>
      <IncludeFileFilter Value="*.(pas|pp|inc|lfm|lpr|lrs|lpi|lpk|sh|xml)"/>
      <ExcludeFileFilter Value="*.(bak|ppu|ppw|o|so);*~;backup"/>
    </PublishOptions>
    <RunParams>
      <local>
        <FormatVersion Value="1"/>
        <LaunchingApplication PathPlusParams="/usr/X11R6/bin/xterm -T 'Lazarus Run Output' -e $(LazarusDir)/tools/runwait.sh $(TargetCmdLine)"/>
      </local>
    </RunParams>
    <RequiredPackages Count="2">
      <Item1>
        <PackageName Value="P4DLaz"/>
        <MinVersion Valid="True"/>
      </Item1>
      <Item2>
        <PackageName Value="LCL"/>
      </Item2>
    </RequiredPackages>
    <Units Count="6">
      <Unit0>
        <Filename Value="project1.lpr"/>
        <IsPartOfProject Value="True"/>
        <UnitName Value="project1"/>
        <UsageCount Value="74"/>
      </Unit0>
      <Unit1>
        <Filename Value="unit1.pas"/>
        <IsPartOfProject Value="True"/>
        <ComponentName Value="Form1"/>
        <ResourceBaseClass Value="Form"/>
        <UnitName Value="Unit1"/>
        <IsVisibleTab Value="True"/>
        <EditorIndex Value="0"/>
        <WindowIndex Value="0"/>
        <TopLine Value="30"/>
        <CursorPos X="62" Y="43"/>
        <UsageCount Value="74"/>
        <Loaded Value="True"/>
        <LoadedDesigner Value="True"/>
      </Unit1>
      <Unit2>
        <Filename Value="..\..\..\..\..\..\lazarus\fpc\2.2.4\source\rtl\inc\variants.pp"/>
        <UnitName Value="variants"/>
        <WindowIndex Value="0"/>
        <TopLine Value="4220"/>
        <CursorPos X="9" Y="4225"/>
        <UsageCount Value="37"/>
        <LoadedDesigner Value="True"/>
      </Unit2>
      <Unit3>
        <Filename Value="..\..\..\..\..\..\lazarus\fpc\2.2.4\source\rtl\inc\varianth.inc"/>
        <WindowIndex Value="0"/>
        <TopLine Value="115"/>
        <CursorPos X="94" Y="134"/>
        <UsageCount Value="37"/>
        <LoadedDesigner Value="True"/>
      </Unit3>
      <Unit4>
        <Filename Value="..\..\..\Components\Sources\Core\PythonGUIInputOutput.pas"/>
        <UnitName Value="PythonGUIInputOutput"/>
        <EditorIndex Value="1"/>
        <WindowIndex Value="0"/>
        <TopLine Value="154"/>
        <CursorPos X="52" Y="166"/>
        <UsageCount Value="11"/>
        <Loaded Value="True"/>
        <DefaultSyntaxHighlighter Value="Delphi"/>
      </Unit4>
      <Unit5>
        <Filename Value="..\..\..\Components\Sources\Core\PythonEngine.pas"/>
        <UnitName Value="PythonEngine"/>
        <EditorIndex Value="2"/>
        <WindowIndex Value="0"/>
        <TopLine Value="1"/>
        <CursorPos X="1" Y="1"/>
        <UsageCount Value="11"/>
        <Loaded Value="True"/>
        <DefaultSyntaxHighlighter Value="Delphi"/>
      </Unit5>
    </Units>
    <JumpHistory Count="6" HistoryIndex="5">
      <Position1>
        <Filename Value="..\..\..\Components\Sources\Core\PythonGUIInputOutput.pas"/>
        <Caret Line="1" Column="1" TopLine="1"/>
      </Position1>
      <Position2>
        <Filename Value="..\..\..\Components\Sources\Core\PythonGUIInputOutput.pas"/>
        <Caret Line="205" Column="19" TopLine="193"/>
      </Position2>
      <Position3>
        <Filename Value="..\..\..\Components\Sources\Core\PythonEngine.pas"/>
        <Caret Line="1" Column="1" TopLine="1"/>
      </Position3>
      <Position4>
        <Filename Value="..\..\..\Components\Sources\Core\PythonEngine.pas"/>
        <Caret Line="3044" Column="28" TopLine="3032"/>
      </Position4>
      <Position5>
        <Filename Value="..\..\..\Components\Sources\Core\PythonEngine.pas"/>
        <Caret Line="9602" Column="10" TopLine="9597"/>
      </Position5>
      <Position6>
        <Filename Value="..\..\..\Components\Sources\Core\PythonEngine.pas"/>
        <Caret Line="2875" Column="61" TopLine="2863"/>
      </Position6>
    </JumpHistory>
  </ProjectOptions>
  <CompilerOptions>
    <Version Value="9"/>
    <PathDelim Value="\"/>
    <SearchPaths>
      <IncludeFiles Value="$(ProjOutDir)"/>
    </SearchPaths>
    <Parsing>
      <SyntaxOptions>
        <UseAnsiStrings Value="False"/>
      </SyntaxOptions>
    </Parsing>
    <Linking>
      <Options>
        <Win32>
          <GraphicApplication Value="True"/>
        </Win32>
      </Options>
    </Linking>
    <Other>
      <CompilerPath Value="$(CompPath)"/>
    </Other>
  </CompilerOptions>
  <Debugging>
    <Exceptions Count="3">
      <Item1>
        <Name Value="EAbort"/>
      </Item1>
      <Item2>
        <Name Value="ECodetoolError"/>
      </Item2>
      <Item3>
        <Name Value="EFOpenError"/>
      </Item3>
    </Exceptions>
  </Debugging>
</CONFIG>
