<?xml version="1.0"?>
<CONFIG>
  <ProjectOptions>
    <Version Value="9"/>
    <PathDelim Value="\"/>
    <General>
      <MainUnit Value="0"/>
      <UseXPManifest Value="True"/>
      <Icon Value="0"/>
      <ActiveWindowIndexAtStart Value="0"/>
    </General>
    <VersionInfo>
      <Language Value=""/>
      <CharSet Value=""/>
      <StringTable ProductVersion=""/>
    </VersionInfo>
    <BuildModes Count="1">
      <Item1 Name="default" Default="True"/>
    </BuildModes>
    <PublishOptions>
      <Version Value="2"/>
      <IgnoreBinaries Value="False"/>
      <IncludeFileFilter Value="*.(pas|pp|inc|lfm|lpr|lrs|lpi|lpk|sh|xml)"/>
      <ExcludeFileFilter Value="*.(bak|ppu|ppw|o|so);*~;backup"/>
    </PublishOptions>
    <RunParams>
      <local>
        <FormatVersion Value="1"/>
        <LaunchingApplication PathPlusParams="/usr/X11R6/bin/xterm -T 'Lazarus Run Output' -e $(LazarusDir)/tools/runwait.sh $(TargetCmdLine)"/>
      </local>
    </RunParams>
    <RequiredPackages Count="2">
      <Item1>
        <PackageName Value="P4DLaz"/>
        <MinVersion Valid="True"/>
      </Item1>
      <Item2>
        <PackageName Value="LCL"/>
      </Item2>
    </RequiredPackages>
    <Units Count="5">
      <Unit0>
        <Filename Value="Project1.lpr"/>
        <IsPartOfProject Value="True"/>
        <EditorIndex Value="0"/>
        <WindowIndex Value="0"/>
        <TopLine Value="1"/>
        <CursorPos X="1" Y="1"/>
        <UsageCount Value="25"/>
        <Loaded Value="True"/>
        <DefaultSyntaxHighlighter Value="Delphi"/>
      </Unit0>
      <Unit1>
        <Filename Value="Unit1.pas"/>
        <IsPartOfProject Value="True"/>
        <ComponentName Value="Form1"/>
        <HasResources Value="True"/>
        <ResourceBaseClass Value="Form"/>
        <UnitName Value="Unit1"/>
        <EditorIndex Value="1"/>
        <WindowIndex Value="0"/>
        <TopLine Value="1"/>
        <CursorPos X="35" Y="294"/>
        <UsageCount Value="25"/>
        <Loaded Value="True"/>
        <LoadedDesigner Value="True"/>
        <DefaultSyntaxHighlighter Value="Delphi"/>
      </Unit1>
      <Unit2>
        <Filename Value="Unit1.lfm"/>
        <WindowIndex Value="0"/>
        <TopLine Value="1"/>
        <CursorPos X="1" Y="1"/>
        <UsageCount Value="10"/>
        <DefaultSyntaxHighlighter Value="LFM"/>
      </Unit2>
      <Unit3>
        <Filename Value="..\..\..\Components\Sources\Core\PythonEngine.pas"/>
        <UnitName Value="PythonEngine"/>
        <EditorIndex Value="3"/>
        <WindowIndex Value="0"/>
        <TopLine Value="5078"/>
        <CursorPos X="10" Y="5078"/>
        <UsageCount Value="12"/>
        <Loaded Value="True"/>
        <DefaultSyntaxHighlighter Value="Delphi"/>
      </Unit3>
      <Unit4>
        <Filename Value="..\Demo31\Unit2.pas"/>
        <UnitName Value="Unit2"/>
        <IsVisibleTab Value="True"/>
        <EditorIndex Value="2"/>
        <WindowIndex Value="0"/>
        <TopLine Value="1"/>
        <CursorPos X="1" Y="1"/>
        <UsageCount Value="10"/>
        <Loaded Value="True"/>
        <DefaultSyntaxHighlighter Value="Delphi"/>
      </Unit4>
    </Units>
    <JumpHistory Count="30" HistoryIndex="29">
      <Position1>
        <Filename Value="..\..\..\Components\Sources\Core\PythonEngine.pas"/>
        <Caret Line="4669" Column="27" TopLine="4652"/>
      </Position1>
      <Position2>
        <Filename Value="..\..\..\Components\Sources\Core\PythonEngine.pas"/>
        <Caret Line="4674" Column="15" TopLine="4657"/>
      </Position2>
      <Position3>
        <Filename Value="..\..\..\Components\Sources\Core\PythonEngine.pas"/>
        <Caret Line="4893" Column="16" TopLine="4876"/>
      </Position3>
      <Position4>
        <Filename Value="..\..\..\Components\Sources\Core\PythonEngine.pas"/>
        <Caret Line="4894" Column="17" TopLine="4877"/>
      </Position4>
      <Position5>
        <Filename Value="..\..\..\Components\Sources\Core\PythonEngine.pas"/>
        <Caret Line="5074" Column="21" TopLine="5059"/>
      </Position5>
      <Position6>
        <Filename Value="..\..\..\Components\Sources\Core\PythonEngine.pas"/>
        <Caret Line="1" Column="1" TopLine="1"/>
      </Position6>
      <Position7>
        <Filename Value="..\..\..\Components\Sources\Core\PythonEngine.pas"/>
        <Caret Line="2145" Column="23" TopLine="2128"/>
      </Position7>
      <Position8>
        <Filename Value="..\..\..\Components\Sources\Core\PythonEngine.pas"/>
        <Caret Line="2178" Column="35" TopLine="2161"/>
      </Position8>
      <Position9>
        <Filename Value="..\..\..\Components\Sources\Core\PythonEngine.pas"/>
        <Caret Line="2282" Column="89" TopLine="2265"/>
      </Position9>
      <Position10>
        <Filename Value="..\..\..\Components\Sources\Core\PythonEngine.pas"/>
        <Caret Line="4634" Column="21" TopLine="4617"/>
      </Position10>
      <Position11>
        <Filename Value="..\..\..\Components\Sources\Core\PythonEngine.pas"/>
        <Caret Line="4742" Column="23" TopLine="4725"/>
      </Position11>
      <Position12>
        <Filename Value="..\..\..\Components\Sources\Core\PythonEngine.pas"/>
        <Caret Line="5070" Column="30" TopLine="5058"/>
      </Position12>
      <Position13>
        <Filename Value="..\..\..\Components\Sources\Core\PythonEngine.pas"/>
        <Caret Line="1" Column="1" TopLine="1"/>
      </Position13>
      <Position14>
        <Filename Value="..\..\..\Components\Sources\Core\PythonEngine.pas"/>
        <Caret Line="2145" Column="23" TopLine="2128"/>
      </Position14>
      <Position15>
        <Filename Value="..\..\..\Components\Sources\Core\PythonEngine.pas"/>
        <Caret Line="2178" Column="35" TopLine="2161"/>
      </Position15>
      <Position16>
        <Filename Value="..\..\..\Components\Sources\Core\PythonEngine.pas"/>
        <Caret Line="2282" Column="89" TopLine="2265"/>
      </Position16>
      <Position17>
        <Filename Value="..\..\..\Components\Sources\Core\PythonEngine.pas"/>
        <Caret Line="4634" Column="21" TopLine="4617"/>
      </Position17>
      <Position18>
        <Filename Value="..\..\..\Components\Sources\Core\PythonEngine.pas"/>
        <Caret Line="4742" Column="23" TopLine="4725"/>
      </Position18>
      <Position19>
        <Filename Value="..\..\..\Components\Sources\Core\PythonEngine.pas"/>
        <Caret Line="5072" Column="45" TopLine="5055"/>
      </Position19>
      <Position20>
        <Filename Value="..\..\..\Components\Sources\Core\PythonEngine.pas"/>
        <Caret Line="5074" Column="21" TopLine="5057"/>
      </Position20>
      <Position21>
        <Filename Value="..\..\..\Components\Sources\Core\PythonEngine.pas"/>
        <Caret Line="1" Column="1" TopLine="1"/>
      </Position21>
      <Position22>
        <Filename Value="..\..\..\Components\Sources\Core\PythonEngine.pas"/>
        <Caret Line="2145" Column="23" TopLine="2128"/>
      </Position22>
      <Position23>
        <Filename Value="..\..\..\Components\Sources\Core\PythonEngine.pas"/>
        <Caret Line="2178" Column="35" TopLine="2161"/>
      </Position23>
      <Position24>
        <Filename Value="..\..\..\Components\Sources\Core\PythonEngine.pas"/>
        <Caret Line="2282" Column="89" TopLine="2265"/>
      </Position24>
      <Position25>
        <Filename Value="..\..\..\Components\Sources\Core\PythonEngine.pas"/>
        <Caret Line="4634" Column="21" TopLine="4617"/>
      </Position25>
      <Position26>
        <Filename Value="..\..\..\Components\Sources\Core\PythonEngine.pas"/>
        <Caret Line="4743" Column="17" TopLine="4725"/>
      </Position26>
      <Position27>
        <Filename Value="..\..\..\Components\Sources\Core\PythonEngine.pas"/>
        <Caret Line="5078" Column="39" TopLine="5007"/>
      </Position27>
      <Position28>
        <Filename Value="..\..\..\Components\Sources\Core\PythonEngine.pas"/>
        <Caret Line="5027" Column="1" TopLine="5010"/>
      </Position28>
      <Position29>
        <Filename Value="..\..\..\Components\Sources\Core\PythonEngine.pas"/>
        <Caret Line="5084" Column="28" TopLine="5070"/>
      </Position29>
      <Position30>
        <Filename Value="..\..\..\Components\Sources\Core\PythonEngine.pas"/>
        <Caret Line="5027" Column="1" TopLine="5017"/>
      </Position30>
    </JumpHistory>
  </ProjectOptions>
  <CompilerOptions>
    <Version Value="9"/>
    <PathDelim Value="\"/>
    <SearchPaths>
      <IncludeFiles Value="$(ProjOutDir)"/>
    </SearchPaths>
    <Parsing>
      <SyntaxOptions>
        <SyntaxMode Value="Delphi"/>
      </SyntaxOptions>
    </Parsing>
    <Linking>
      <Options>
        <Win32>
          <GraphicApplication Value="True"/>
        </Win32>
      </Options>
    </Linking>
    <Other>
      <CompilerMessages>
        <UseMsgFile Value="True"/>
      </CompilerMessages>
      <CompilerPath Value="$(CompPath)"/>
    </Other>
  </CompilerOptions>
  <Debugging>
    <Exceptions Count="3">
      <Item1>
        <Name Value="EAbort"/>
      </Item1>
      <Item2>
        <Name Value="ECodetoolError"/>
      </Item2>
      <Item3>
        <Name Value="EFOpenError"/>
      </Item3>
    </Exceptions>
  </Debugging>
</CONFIG>
